
Microsoft Visual Studio Solution File, Format Version 12.00
# Visual Studio Version 16
VisualStudioVersion = 16.0.30011.22
MinimumVisualStudioVersion = 10.0.40219.1
Project("{F184B08F-C81C-45F6-A57F-5ABD9991F28F}") = "Techno's WPF Utilities", "Techno's WPF Utilities.vbproj", "{CFCDA3D9-D3E9-43B8-A35B-7E6502D9D0F2}"
EndProject
Global
	GlobalSection(SolutionConfigurationPlatforms) = preSolution
		Debug|Any CPU = Debug|Any CPU
		Debug|x64 = Debug|x64
		Release|Any CPU = Release|Any CPU
		Release|x64 = Release|x64
	EndGlobalSection
	GlobalSection(ProjectConfigurationPlatforms) = postSolution
		{CFCDA3D9-D3E9-43B8-A35B-7E6502D9D0F2}.Debug|Any CPU.ActiveCfg = Debug|Any CPU
		{CFCDA3D9-D3E9-43B8-A35B-7E6502D9D0F2}.Debug|Any CPU.Build.0 = Debug|Any CPU
		{CFCDA3D9-D3E9-43B8-A35B-7E6502D9D0F2}.Debug|x64.ActiveCfg = Debug|x64
		{CFCDA3D9-D3E9-43B8-A35B-7E6502D9D0F2}.Debug|x64.Build.0 = Debug|x64
		{CFCDA3D9-D3E9-43B8-A35B-7E6502D9D0F2}.Release|Any CPU.ActiveCfg = Release|Any CPU
		{CFCDA3D9-D3E9-43B8-A35B-7E6502D9D0F2}.Release|Any CPU.Build.0 = Release|Any CPU
		{CFCDA3D9-D3E9-43B8-A35B-7E6502D9D0F2}.Release|x64.ActiveCfg = Release|x64
		{CFCDA3D9-D3E9-43B8-A35B-7E6502D9D0F2}.Release|x64.Build.0 = Release|x64
	EndGlobalSection
	GlobalSection(SolutionProperties) = preSolution
		HideSolutionNode = FALSE
	EndGlobalSection
	GlobalSection(ExtensibilityGlobals) = postSolution
		SolutionGuid = {CFE8FEEE-53B8-4DC5-95B8-B262F059F212}
	EndGlobalSection
EndGlobal
